// !$*UTF8*$!
{
	archiveVersion = 1;
	classes = {
	};
	objectVersion = 46;
	objects = {

/* Begin PBXBuildFile section */
		BF8F907F1F0AA3350083EFCF /* GestaltTests.swift in Sources */ = {isa = PBXBuildFile; fileRef = BF8F907E1F0AA3350083EFCF /* GestaltTests.swift */; };
		BF8F90811F0AA3350083EFCF /* Gestalt.h in Headers */ = {isa = PBXBuildFile; fileRef = BF8F90731F0AA3350083EFCF /* Gestalt.h */; settings = {ATTRIBUTES = (Public, ); }; };
		BF8F908B1F0AA3490083EFCF /* Gestalt.swift in Sources */ = {isa = PBXBuildFile; fileRef = BF8F908A1F0AA3490083EFCF /* Gestalt.swift */; };
		BF8F90931F0AA7D80083EFCF /* AppDelegate.swift in Sources */ = {isa = PBXBuildFile; fileRef = BF8F90921F0AA7D80083EFCF /* AppDelegate.swift */; };
		BF8F90981F0AA7D80083EFCF /* Main.storyboard in Resources */ = {isa = PBXBuildFile; fileRef = BF8F90961F0AA7D80083EFCF /* Main.storyboard */; };
		BF8F909A1F0AA7D80083EFCF /* Assets.xcassets in Resources */ = {isa = PBXBuildFile; fileRef = BF8F90991F0AA7D80083EFCF /* Assets.xcassets */; };
		BF8F909D1F0AA7D80083EFCF /* LaunchScreen.storyboard in Resources */ = {isa = PBXBuildFile; fileRef = BF8F909B1F0AA7D80083EFCF /* LaunchScreen.storyboard */; };
		BF8F90A31F0AA7EB0083EFCF /* ViewController.swift in Sources */ = {isa = PBXBuildFile; fileRef = BF8F90A21F0AA7EB0083EFCF /* ViewController.swift */; };
		BF8F90A41F0AA8740083EFCF /* Gestalt.framework in Frameworks */ = {isa = PBXBuildFile; fileRef = BF8F90701F0AA3350083EFCF /* Gestalt.framework */; };
		BF8F90A51F0AA8740083EFCF /* Gestalt.framework in Embed Frameworks */ = {isa = PBXBuildFile; fileRef = BF8F90701F0AA3350083EFCF /* Gestalt.framework */; settings = {ATTRIBUTES = (CodeSignOnCopy, RemoveHeadersOnCopy, ); }; };
		BF8F90AA1F0AAA8D0083EFCF /* Theme.swift in Sources */ = {isa = PBXBuildFile; fileRef = BF8F90A91F0AAA8D0083EFCF /* Theme.swift */; };
		BFF7041E1F5DA35F00DFF413 /* Gestalt.swift in Sources */ = {isa = PBXBuildFile; fileRef = BF8F908A1F0AA3490083EFCF /* Gestalt.swift */; };
		BFF704201F5DA49700DFF413 /* libGestalt.a in Frameworks */ = {isa = PBXBuildFile; fileRef = BFF704151F5DA34100DFF413 /* libGestalt.a */; };
/* End PBXBuildFile section */

/* Begin PBXContainerItemProxy section */
		BF8F90A61F0AA8740083EFCF /* PBXContainerItemProxy */ = {
			isa = PBXContainerItemProxy;
			containerPortal = BF8F90671F0AA3350083EFCF /* Project object */;
			proxyType = 1;
			remoteGlobalIDString = BF8F906F1F0AA3350083EFCF;
			remoteInfo = Gestalt;
		};
		BFF704211F5DA4E200DFF413 /* PBXContainerItemProxy */ = {
			isa = PBXContainerItemProxy;
			containerPortal = BF8F90671F0AA3350083EFCF /* Project object */;
			proxyType = 1;
			remoteGlobalIDString = BFF704141F5DA34100DFF413;
			remoteInfo = "Gestalt (Static)";
		};
/* End PBXContainerItemProxy section */

/* Begin PBXCopyFilesBuildPhase section */
		BF8F90A81F0AA8740083EFCF /* Embed Frameworks */ = {
			isa = PBXCopyFilesBuildPhase;
			buildActionMask = 2147483647;
			dstPath = "";
			dstSubfolderSpec = 10;
			files = (
				BF8F90A51F0AA8740083EFCF /* Gestalt.framework in Embed Frameworks */,
			);
			name = "Embed Frameworks";
			runOnlyForDeploymentPostprocessing = 0;
		};
		BFF704131F5DA34100DFF413 /* CopyFiles */ = {
			isa = PBXCopyFilesBuildPhase;
			buildActionMask = 2147483647;
			dstPath = "include/$(PRODUCT_NAME)";
			dstSubfolderSpec = 16;
			files = (
			);
			runOnlyForDeploymentPostprocessing = 0;
		};
/* End PBXCopyFilesBuildPhase section */

/* Begin PBXFileReference section */
		BF8F90701F0AA3350083EFCF /* Gestalt.framework */ = {isa = PBXFileReference; explicitFileType = wrapper.framework; includeInIndex = 0; path = Gestalt.framework; sourceTree = BUILT_PRODUCTS_DIR; };
		BF8F90731F0AA3350083EFCF /* Gestalt.h */ = {isa = PBXFileReference; lastKnownFileType = sourcecode.c.h; path = Gestalt.h; sourceTree = "<group>"; };
		BF8F90741F0AA3350083EFCF /* Info.plist */ = {isa = PBXFileReference; lastKnownFileType = text.plist.xml; path = Info.plist; sourceTree = "<group>"; };
		BF8F90791F0AA3350083EFCF /* GestaltTests.xctest */ = {isa = PBXFileReference; explicitFileType = wrapper.cfbundle; includeInIndex = 0; path = GestaltTests.xctest; sourceTree = BUILT_PRODUCTS_DIR; };
		BF8F907E1F0AA3350083EFCF /* GestaltTests.swift */ = {isa = PBXFileReference; lastKnownFileType = sourcecode.swift; path = GestaltTests.swift; sourceTree = "<group>"; };
		BF8F90801F0AA3350083EFCF /* Info.plist */ = {isa = PBXFileReference; lastKnownFileType = text.plist.xml; path = Info.plist; sourceTree = "<group>"; };
		BF8F908A1F0AA3490083EFCF /* Gestalt.swift */ = {isa = PBXFileReference; fileEncoding = 4; lastKnownFileType = sourcecode.swift; lineEnding = 0; path = Gestalt.swift; sourceTree = "<group>"; xcLanguageSpecificationIdentifier = xcode.lang.swift; };
		BF8F90901F0AA7D70083EFCF /* GestaltDemo.app */ = {isa = PBXFileReference; explicitFileType = wrapper.application; includeInIndex = 0; path = GestaltDemo.app; sourceTree = BUILT_PRODUCTS_DIR; };
		BF8F90921F0AA7D80083EFCF /* AppDelegate.swift */ = {isa = PBXFileReference; lastKnownFileType = sourcecode.swift; lineEnding = 0; path = AppDelegate.swift; sourceTree = "<group>"; xcLanguageSpecificationIdentifier = xcode.lang.swift; };
		BF8F90971F0AA7D80083EFCF /* Base */ = {isa = PBXFileReference; lastKnownFileType = file.storyboard; name = Base; path = Base.lproj/Main.storyboard; sourceTree = "<group>"; };
		BF8F90991F0AA7D80083EFCF /* Assets.xcassets */ = {isa = PBXFileReference; lastKnownFileType = folder.assetcatalog; path = Assets.xcassets; sourceTree = "<group>"; };
		BF8F909C1F0AA7D80083EFCF /* Base */ = {isa = PBXFileReference; lastKnownFileType = file.storyboard; name = Base; path = Base.lproj/LaunchScreen.storyboard; sourceTree = "<group>"; };
		BF8F909E1F0AA7D80083EFCF /* Info.plist */ = {isa = PBXFileReference; lastKnownFileType = text.plist.xml; path = Info.plist; sourceTree = "<group>"; };
		BF8F90A21F0AA7EB0083EFCF /* ViewController.swift */ = {isa = PBXFileReference; fileEncoding = 4; lastKnownFileType = sourcecode.swift; lineEnding = 0; path = ViewController.swift; sourceTree = "<group>"; xcLanguageSpecificationIdentifier = xcode.lang.swift; };
		BF8F90A91F0AAA8D0083EFCF /* Theme.swift */ = {isa = PBXFileReference; fileEncoding = 4; lastKnownFileType = sourcecode.swift; path = Theme.swift; sourceTree = "<group>"; };
		BFF704101F5DA32300DFF413 /* Universal.xcconfig */ = {isa = PBXFileReference; lastKnownFileType = text.xcconfig; path = Universal.xcconfig; sourceTree = "<group>"; };
		BFF704151F5DA34100DFF413 /* libGestalt.a */ = {isa = PBXFileReference; explicitFileType = archive.ar; includeInIndex = 0; path = libGestalt.a; sourceTree = BUILT_PRODUCTS_DIR; };
/* End PBXFileReference section */

/* Begin PBXFrameworksBuildPhase section */
		BF8F906C1F0AA3350083EFCF /* Frameworks */ = {
			isa = PBXFrameworksBuildPhase;
			buildActionMask = 2147483647;
			files = (
			);
			runOnlyForDeploymentPostprocessing = 0;
		};
		BF8F90761F0AA3350083EFCF /* Frameworks */ = {
			isa = PBXFrameworksBuildPhase;
			buildActionMask = 2147483647;
			files = (
				BFF704201F5DA49700DFF413 /* libGestalt.a in Frameworks */,
			);
			runOnlyForDeploymentPostprocessing = 0;
		};
		BF8F908D1F0AA7D70083EFCF /* Frameworks */ = {
			isa = PBXFrameworksBuildPhase;
			buildActionMask = 2147483647;
			files = (
				BF8F90A41F0AA8740083EFCF /* Gestalt.framework in Frameworks */,
			);
			runOnlyForDeploymentPostprocessing = 0;
		};
		BFF704121F5DA34100DFF413 /* Frameworks */ = {
			isa = PBXFrameworksBuildPhase;
			buildActionMask = 2147483647;
			files = (
			);
			runOnlyForDeploymentPostprocessing = 0;
		};
/* End PBXFrameworksBuildPhase section */

/* Begin PBXGroup section */
		BF8F90661F0AA3350083EFCF = {
			isa = PBXGroup;
			children = (
				BF8F90721F0AA3350083EFCF /* Gestalt */,
				BF8F907D1F0AA3350083EFCF /* GestaltTests */,
				BF8F90911F0AA7D80083EFCF /* GestaltDemo */,
				BFF7040F1F5DA32300DFF413 /* Configs */,
				BF8F90711F0AA3350083EFCF /* Products */,
				BFF7041F1F5DA49700DFF413 /* Frameworks */,
			);
			sourceTree = "<group>";
		};
		BF8F90711F0AA3350083EFCF /* Products */ = {
			isa = PBXGroup;
			children = (
				BF8F90701F0AA3350083EFCF /* Gestalt.framework */,
				BF8F90791F0AA3350083EFCF /* GestaltTests.xctest */,
				BF8F90901F0AA7D70083EFCF /* GestaltDemo.app */,
				BFF704151F5DA34100DFF413 /* libGestalt.a */,
			);
			name = Products;
			sourceTree = "<group>";
		};
		BF8F90721F0AA3350083EFCF /* Gestalt */ = {
			isa = PBXGroup;
			children = (
				BF8F90731F0AA3350083EFCF /* Gestalt.h */,
				BF8F908A1F0AA3490083EFCF /* Gestalt.swift */,
				BF8F90741F0AA3350083EFCF /* Info.plist */,
			);
			path = Gestalt;
			sourceTree = "<group>";
		};
		BF8F907D1F0AA3350083EFCF /* GestaltTests */ = {
			isa = PBXGroup;
			children = (
				BF8F907E1F0AA3350083EFCF /* GestaltTests.swift */,
				BF8F90801F0AA3350083EFCF /* Info.plist */,
			);
			path = GestaltTests;
			sourceTree = "<group>";
		};
		BF8F90911F0AA7D80083EFCF /* GestaltDemo */ = {
			isa = PBXGroup;
			children = (
				BF8F90A91F0AAA8D0083EFCF /* Theme.swift */,
				BF8F90921F0AA7D80083EFCF /* AppDelegate.swift */,
				BF8F90A21F0AA7EB0083EFCF /* ViewController.swift */,
				BF8F90961F0AA7D80083EFCF /* Main.storyboard */,
				BF8F90991F0AA7D80083EFCF /* Assets.xcassets */,
				BF8F909B1F0AA7D80083EFCF /* LaunchScreen.storyboard */,
				BF8F909E1F0AA7D80083EFCF /* Info.plist */,
			);
			path = GestaltDemo;
			sourceTree = "<group>";
		};
		BFF7040F1F5DA32300DFF413 /* Configs */ = {
			isa = PBXGroup;
			children = (
				BFF704101F5DA32300DFF413 /* Universal.xcconfig */,
			);
			name = Configs;
			path = Gestalt.xcodeproj/Configs;
			sourceTree = "<group>";
		};
		BFF7041F1F5DA49700DFF413 /* Frameworks */ = {
			isa = PBXGroup;
			children = (
			);
			name = Frameworks;
			sourceTree = "<group>";
		};
/* End PBXGroup section */

/* Begin PBXHeadersBuildPhase section */
		BF8F906D1F0AA3350083EFCF /* Headers */ = {
			isa = PBXHeadersBuildPhase;
			buildActionMask = 2147483647;
			files = (
				BF8F90811F0AA3350083EFCF /* Gestalt.h in Headers */,
			);
			runOnlyForDeploymentPostprocessing = 0;
		};
/* End PBXHeadersBuildPhase section */

/* Begin PBXNativeTarget section */
		BF8F906F1F0AA3350083EFCF /* Gestalt */ = {
			isa = PBXNativeTarget;
			buildConfigurationList = BF8F90841F0AA3350083EFCF /* Build configuration list for PBXNativeTarget "Gestalt" */;
			buildPhases = (
				BF8F906B1F0AA3350083EFCF /* Sources */,
				BF8F906C1F0AA3350083EFCF /* Frameworks */,
				BF8F906D1F0AA3350083EFCF /* Headers */,
				BF8F906E1F0AA3350083EFCF /* Resources */,
			);
			buildRules = (
			);
			dependencies = (
			);
			name = Gestalt;
			productName = Gestalt;
			productReference = BF8F90701F0AA3350083EFCF /* Gestalt.framework */;
			productType = "com.apple.product-type.framework";
		};
		BF8F90781F0AA3350083EFCF /* GestaltTests */ = {
			isa = PBXNativeTarget;
			buildConfigurationList = BF8F90871F0AA3350083EFCF /* Build configuration list for PBXNativeTarget "GestaltTests" */;
			buildPhases = (
				BF8F90751F0AA3350083EFCF /* Sources */,
				BF8F90761F0AA3350083EFCF /* Frameworks */,
				BF8F90771F0AA3350083EFCF /* Resources */,
			);
			buildRules = (
			);
			dependencies = (
				BFF704221F5DA4E200DFF413 /* PBXTargetDependency */,
			);
			name = GestaltTests;
			productName = GestaltTests;
			productReference = BF8F90791F0AA3350083EFCF /* GestaltTests.xctest */;
			productType = "com.apple.product-type.bundle.unit-test";
		};
		BF8F908F1F0AA7D70083EFCF /* GestaltDemo */ = {
			isa = PBXNativeTarget;
			buildConfigurationList = BF8F90A11F0AA7D80083EFCF /* Build configuration list for PBXNativeTarget "GestaltDemo" */;
			buildPhases = (
				BF8F908C1F0AA7D70083EFCF /* Sources */,
				BF8F908D1F0AA7D70083EFCF /* Frameworks */,
				BF8F908E1F0AA7D70083EFCF /* Resources */,
				BF8F90A81F0AA8740083EFCF /* Embed Frameworks */,
			);
			buildRules = (
			);
			dependencies = (
				BF8F90A71F0AA8740083EFCF /* PBXTargetDependency */,
			);
			name = GestaltDemo;
			productName = GestaltDemo;
			productReference = BF8F90901F0AA7D70083EFCF /* GestaltDemo.app */;
			productType = "com.apple.product-type.application";
		};
		BFF704141F5DA34100DFF413 /* Gestalt (Static) */ = {
			isa = PBXNativeTarget;
			buildConfigurationList = BFF7041B1F5DA34100DFF413 /* Build configuration list for PBXNativeTarget "Gestalt (Static)" */;
			buildPhases = (
				BFF704111F5DA34100DFF413 /* Sources */,
				BFF704121F5DA34100DFF413 /* Frameworks */,
				BFF704131F5DA34100DFF413 /* CopyFiles */,
			);
			buildRules = (
			);
			dependencies = (
			);
			name = "Gestalt (Static)";
			productName = "Gestalt (Static)";
			productReference = BFF704151F5DA34100DFF413 /* libGestalt.a */;
			productType = "com.apple.product-type.library.static";
		};
/* End PBXNativeTarget section */

/* Begin PBXProject section */
		BF8F90671F0AA3350083EFCF /* Project object */ = {
			isa = PBXProject;
			attributes = {
				LastSwiftUpdateCheck = 0830;
				LastUpgradeCheck = 0930;
				ORGANIZATIONNAME = "Vincent Esche";
				TargetAttributes = {
					BF8F906F1F0AA3350083EFCF = {
						CreatedOnToolsVersion = 8.3.3;
						LastSwiftMigration = 0830;
						ProvisioningStyle = Manual;
					};
					BF8F90781F0AA3350083EFCF = {
						CreatedOnToolsVersion = 8.3.3;
						DevelopmentTeam = RHSV5Y8MLD;
						LastSwiftMigration = 0930;
						ProvisioningStyle = Automatic;
					};
					BF8F908F1F0AA7D70083EFCF = {
						CreatedOnToolsVersion = 8.3.3;
						DevelopmentTeam = RHSV5Y8MLD;
						ProvisioningStyle = Automatic;
					};
					BFF704141F5DA34100DFF413 = {
						CreatedOnToolsVersion = 9.0;
						DevelopmentTeam = RHSV5Y8MLD;
						LastSwiftMigration = 0930;
						ProvisioningStyle = Automatic;
					};
				};
			};
			buildConfigurationList = BF8F906A1F0AA3350083EFCF /* Build configuration list for PBXProject "Gestalt" */;
			compatibilityVersion = "Xcode 3.2";
			developmentRegion = English;
			hasScannedForEncodings = 0;
			knownRegions = (
				en,
				Base,
			);
			mainGroup = BF8F90661F0AA3350083EFCF;
			productRefGroup = BF8F90711F0AA3350083EFCF /* Products */;
			projectDirPath = "";
			projectRoot = "";
			targets = (
				BF8F906F1F0AA3350083EFCF /* Gestalt */,
				BFF704141F5DA34100DFF413 /* Gestalt (Static) */,
				BF8F90781F0AA3350083EFCF /* GestaltTests */,
				BF8F908F1F0AA7D70083EFCF /* GestaltDemo */,
			);
		};
/* End PBXProject section */

/* Begin PBXResourcesBuildPhase section */
		BF8F906E1F0AA3350083EFCF /* Resources */ = {
			isa = PBXResourcesBuildPhase;
			buildActionMask = 2147483647;
			files = (
			);
			runOnlyForDeploymentPostprocessing = 0;
		};
		BF8F90771F0AA3350083EFCF /* Resources */ = {
			isa = PBXResourcesBuildPhase;
			buildActionMask = 2147483647;
			files = (
			);
			runOnlyForDeploymentPostprocessing = 0;
		};
		BF8F908E1F0AA7D70083EFCF /* Resources */ = {
			isa = PBXResourcesBuildPhase;
			buildActionMask = 2147483647;
			files = (
				BF8F909D1F0AA7D80083EFCF /* LaunchScreen.storyboard in Resources */,
				BF8F909A1F0AA7D80083EFCF /* Assets.xcassets in Resources */,
				BF8F90981F0AA7D80083EFCF /* Main.storyboard in Resources */,
			);
			runOnlyForDeploymentPostprocessing = 0;
		};
/* End PBXResourcesBuildPhase section */

/* Begin PBXSourcesBuildPhase section */
		BF8F906B1F0AA3350083EFCF /* Sources */ = {
			isa = PBXSourcesBuildPhase;
			buildActionMask = 2147483647;
			files = (
				BF8F908B1F0AA3490083EFCF /* Gestalt.swift in Sources */,
			);
			runOnlyForDeploymentPostprocessing = 0;
		};
		BF8F90751F0AA3350083EFCF /* Sources */ = {
			isa = PBXSourcesBuildPhase;
			buildActionMask = 2147483647;
			files = (
				BF8F907F1F0AA3350083EFCF /* GestaltTests.swift in Sources */,
			);
			runOnlyForDeploymentPostprocessing = 0;
		};
		BF8F908C1F0AA7D70083EFCF /* Sources */ = {
			isa = PBXSourcesBuildPhase;
			buildActionMask = 2147483647;
			files = (
				BF8F90AA1F0AAA8D0083EFCF /* Theme.swift in Sources */,
				BF8F90A31F0AA7EB0083EFCF /* ViewController.swift in Sources */,
				BF8F90931F0AA7D80083EFCF /* AppDelegate.swift in Sources */,
			);
			runOnlyForDeploymentPostprocessing = 0;
		};
		BFF704111F5DA34100DFF413 /* Sources */ = {
			isa = PBXSourcesBuildPhase;
			buildActionMask = 2147483647;
			files = (
				BFF7041E1F5DA35F00DFF413 /* Gestalt.swift in Sources */,
			);
			runOnlyForDeploymentPostprocessing = 0;
		};
/* End PBXSourcesBuildPhase section */

/* Begin PBXTargetDependency section */
		BF8F90A71F0AA8740083EFCF /* PBXTargetDependency */ = {
			isa = PBXTargetDependency;
			target = BF8F906F1F0AA3350083EFCF /* Gestalt */;
			targetProxy = BF8F90A61F0AA8740083EFCF /* PBXContainerItemProxy */;
		};
		BFF704221F5DA4E200DFF413 /* PBXTargetDependency */ = {
			isa = PBXTargetDependency;
			target = BFF704141F5DA34100DFF413 /* Gestalt (Static) */;
			targetProxy = BFF704211F5DA4E200DFF413 /* PBXContainerItemProxy */;
		};
/* End PBXTargetDependency section */

/* Begin PBXVariantGroup section */
		BF8F90961F0AA7D80083EFCF /* Main.storyboard */ = {
			isa = PBXVariantGroup;
			children = (
				BF8F90971F0AA7D80083EFCF /* Base */,
			);
			name = Main.storyboard;
			sourceTree = "<group>";
		};
		BF8F909B1F0AA7D80083EFCF /* LaunchScreen.storyboard */ = {
			isa = PBXVariantGroup;
			children = (
				BF8F909C1F0AA7D80083EFCF /* Base */,
			);
			name = LaunchScreen.storyboard;
			sourceTree = "<group>";
		};
/* End PBXVariantGroup section */

/* Begin XCBuildConfiguration section */
		BF8F90821F0AA3350083EFCF /* Debug */ = {
			isa = XCBuildConfiguration;
			buildSettings = {
				ALWAYS_SEARCH_USER_PATHS = NO;
				CLANG_ANALYZER_NONNULL = YES;
				CLANG_ANALYZER_NUMBER_OBJECT_CONVERSION = YES_AGGRESSIVE;
				CLANG_CXX_LANGUAGE_STANDARD = "gnu++0x";
				CLANG_CXX_LIBRARY = "libc++";
				CLANG_ENABLE_MODULES = YES;
				CLANG_ENABLE_OBJC_ARC = YES;
				CLANG_WARN_BLOCK_CAPTURE_AUTORELEASING = YES;
				CLANG_WARN_BOOL_CONVERSION = YES;
				CLANG_WARN_COMMA = YES;
				CLANG_WARN_CONSTANT_CONVERSION = YES;
				CLANG_WARN_DEPRECATED_OBJC_IMPLEMENTATIONS = YES;
				CLANG_WARN_DIRECT_OBJC_ISA_USAGE = YES_ERROR;
				CLANG_WARN_DOCUMENTATION_COMMENTS = YES;
				CLANG_WARN_EMPTY_BODY = YES;
				CLANG_WARN_ENUM_CONVERSION = YES;
				CLANG_WARN_INFINITE_RECURSION = YES;
				CLANG_WARN_INT_CONVERSION = YES;
				CLANG_WARN_NON_LITERAL_NULL_CONVERSION = YES;
				CLANG_WARN_OBJC_IMPLICIT_RETAIN_SELF = YES;
				CLANG_WARN_OBJC_LITERAL_CONVERSION = YES;
				CLANG_WARN_OBJC_ROOT_CLASS = YES_ERROR;
				CLANG_WARN_RANGE_LOOP_ANALYSIS = YES;
				CLANG_WARN_STRICT_PROTOTYPES = YES;
				CLANG_WARN_SUSPICIOUS_MOVE = YES;
				CLANG_WARN_UNREACHABLE_CODE = YES;
				CLANG_WARN__DUPLICATE_METHOD_MATCH = YES;
				"CODE_SIGN_IDENTITY[sdk=iphoneos*]" = "iPhone Developer";
				COPY_PHASE_STRIP = NO;
				CURRENT_PROJECT_VERSION = 1;
				DEBUG_INFORMATION_FORMAT = dwarf;
				ENABLE_STRICT_OBJC_MSGSEND = YES;
				ENABLE_TESTABILITY = YES;
				GCC_C_LANGUAGE_STANDARD = gnu99;
				GCC_DYNAMIC_NO_PIC = NO;
				GCC_NO_COMMON_BLOCKS = YES;
				GCC_OPTIMIZATION_LEVEL = 0;
				GCC_PREPROCESSOR_DEFINITIONS = (
					"DEBUG=1",
					"$(inherited)",
				);
				GCC_WARN_64_TO_32_BIT_CONVERSION = YES;
				GCC_WARN_ABOUT_RETURN_TYPE = YES_ERROR;
				GCC_WARN_UNDECLARED_SELECTOR = YES;
				GCC_WARN_UNINITIALIZED_AUTOS = YES_AGGRESSIVE;
				GCC_WARN_UNUSED_FUNCTION = YES;
				GCC_WARN_UNUSED_VARIABLE = YES;
				IPHONEOS_DEPLOYMENT_TARGET = 10.3;
				MTL_ENABLE_DEBUG_INFO = YES;
				ONLY_ACTIVE_ARCH = YES;
				SDKROOT = iphoneos;
				SWIFT_ACTIVE_COMPILATION_CONDITIONS = DEBUG;
				SWIFT_OPTIMIZATION_LEVEL = "-Onone";
				SWIFT_VERSION = 3.0;
				TARGETED_DEVICE_FAMILY = "1,2";
				VERSIONING_SYSTEM = "apple-generic";
				VERSION_INFO_PREFIX = "";
			};
			name = Debug;
		};
		BF8F90831F0AA3350083EFCF /* Release */ = {
			isa = XCBuildConfiguration;
			buildSettings = {
				ALWAYS_SEARCH_USER_PATHS = NO;
				CLANG_ANALYZER_NONNULL = YES;
				CLANG_ANALYZER_NUMBER_OBJECT_CONVERSION = YES_AGGRESSIVE;
				CLANG_CXX_LANGUAGE_STANDARD = "gnu++0x";
				CLANG_CXX_LIBRARY = "libc++";
				CLANG_ENABLE_MODULES = YES;
				CLANG_ENABLE_OBJC_ARC = YES;
				CLANG_WARN_BLOCK_CAPTURE_AUTORELEASING = YES;
				CLANG_WARN_BOOL_CONVERSION = YES;
				CLANG_WARN_COMMA = YES;
				CLANG_WARN_CONSTANT_CONVERSION = YES;
				CLANG_WARN_DEPRECATED_OBJC_IMPLEMENTATIONS = YES;
				CLANG_WARN_DIRECT_OBJC_ISA_USAGE = YES_ERROR;
				CLANG_WARN_DOCUMENTATION_COMMENTS = YES;
				CLANG_WARN_EMPTY_BODY = YES;
				CLANG_WARN_ENUM_CONVERSION = YES;
				CLANG_WARN_INFINITE_RECURSION = YES;
				CLANG_WARN_INT_CONVERSION = YES;
				CLANG_WARN_NON_LITERAL_NULL_CONVERSION = YES;
				CLANG_WARN_OBJC_IMPLICIT_RETAIN_SELF = YES;
				CLANG_WARN_OBJC_LITERAL_CONVERSION = YES;
				CLANG_WARN_OBJC_ROOT_CLASS = YES_ERROR;
				CLANG_WARN_RANGE_LOOP_ANALYSIS = YES;
				CLANG_WARN_STRICT_PROTOTYPES = YES;
				CLANG_WARN_SUSPICIOUS_MOVE = YES;
				CLANG_WARN_UNREACHABLE_CODE = YES;
				CLANG_WARN__DUPLICATE_METHOD_MATCH = YES;
				"CODE_SIGN_IDENTITY[sdk=iphoneos*]" = "iPhone Developer";
				COPY_PHASE_STRIP = NO;
				CURRENT_PROJECT_VERSION = 1;
				DEBUG_INFORMATION_FORMAT = "dwarf-with-dsym";
				ENABLE_NS_ASSERTIONS = NO;
				ENABLE_STRICT_OBJC_MSGSEND = YES;
				GCC_C_LANGUAGE_STANDARD = gnu99;
				GCC_NO_COMMON_BLOCKS = YES;
				GCC_WARN_64_TO_32_BIT_CONVERSION = YES;
				GCC_WARN_ABOUT_RETURN_TYPE = YES_ERROR;
				GCC_WARN_UNDECLARED_SELECTOR = YES;
				GCC_WARN_UNINITIALIZED_AUTOS = YES_AGGRESSIVE;
				GCC_WARN_UNUSED_FUNCTION = YES;
				GCC_WARN_UNUSED_VARIABLE = YES;
				IPHONEOS_DEPLOYMENT_TARGET = 10.3;
				MTL_ENABLE_DEBUG_INFO = NO;
				SDKROOT = iphoneos;
				SWIFT_OPTIMIZATION_LEVEL = "-Owholemodule";
				SWIFT_VERSION = 3.0;
				TARGETED_DEVICE_FAMILY = "1,2";
				VALIDATE_PRODUCT = YES;
				VERSIONING_SYSTEM = "apple-generic";
				VERSION_INFO_PREFIX = "";
			};
			name = Release;
		};
		BF8F90851F0AA3350083EFCF /* Debug */ = {
			isa = XCBuildConfiguration;
			baseConfigurationReference = BFF704101F5DA32300DFF413 /* Universal.xcconfig */;
			buildSettings = {
				CLANG_ENABLE_MODULES = YES;
				CODE_SIGN_IDENTITY = "";
				CODE_SIGN_STYLE = Manual;
				DEFINES_MODULE = YES;
				DEVELOPMENT_TEAM = "";
				DYLIB_COMPATIBILITY_VERSION = 1;
				DYLIB_CURRENT_VERSION = 1;
				DYLIB_INSTALL_NAME_BASE = "@rpath";
				INFOPLIST_FILE = Gestalt/Info.plist;
				INSTALL_PATH = "$(LOCAL_LIBRARY_DIR)/Frameworks";
				LD_RUNPATH_SEARCH_PATHS = "$(inherited) @executable_path/Frameworks @loader_path/Frameworks";
				PRODUCT_BUNDLE_IDENTIFIER = com.regexident.Gestalt;
				PRODUCT_NAME = "$(TARGET_NAME)";
				PROVISIONING_PROFILE_SPECIFIER = "";
				SKIP_INSTALL = YES;
				SWIFT_OPTIMIZATION_LEVEL = "-Onone";
			};
			name = Debug;
		};
		BF8F90861F0AA3350083EFCF /* Release */ = {
			isa = XCBuildConfiguration;
			baseConfigurationReference = BFF704101F5DA32300DFF413 /* Universal.xcconfig */;
			buildSettings = {
				CLANG_ENABLE_MODULES = YES;
				CODE_SIGN_IDENTITY = "";
				CODE_SIGN_STYLE = Manual;
				DEFINES_MODULE = YES;
				DEVELOPMENT_TEAM = "";
				DYLIB_COMPATIBILITY_VERSION = 1;
				DYLIB_CURRENT_VERSION = 1;
				DYLIB_INSTALL_NAME_BASE = "@rpath";
				INFOPLIST_FILE = Gestalt/Info.plist;
				INSTALL_PATH = "$(LOCAL_LIBRARY_DIR)/Frameworks";
				LD_RUNPATH_SEARCH_PATHS = "$(inherited) @executable_path/Frameworks @loader_path/Frameworks";
				PRODUCT_BUNDLE_IDENTIFIER = com.regexident.Gestalt;
				PRODUCT_NAME = "$(TARGET_NAME)";
				PROVISIONING_PROFILE_SPECIFIER = "";
				SKIP_INSTALL = YES;
			};
			name = Release;
		};
		BF8F90881F0AA3350083EFCF /* Debug */ = {
			isa = XCBuildConfiguration;
			buildSettings = {
				ALWAYS_EMBED_SWIFT_STANDARD_LIBRARIES = YES;
				INFOPLIST_FILE = GestaltTests/Info.plist;
				LD_RUNPATH_SEARCH_PATHS = "$(inherited) @executable_path/Frameworks @loader_path/Frameworks";
				PRODUCT_BUNDLE_IDENTIFIER = com.regexident.GestaltTests;
				PRODUCT_NAME = "$(TARGET_NAME)";
			};
			name = Debug;
		};
		BF8F90891F0AA3350083EFCF /* Release */ = {
			isa = XCBuildConfiguration;
			buildSettings = {
				ALWAYS_EMBED_SWIFT_STANDARD_LIBRARIES = YES;
				INFOPLIST_FILE = GestaltTests/Info.plist;
				LD_RUNPATH_SEARCH_PATHS = "$(inherited) @executable_path/Frameworks @loader_path/Frameworks";
				PRODUCT_BUNDLE_IDENTIFIER = com.regexident.GestaltTests;
				PRODUCT_NAME = "$(TARGET_NAME)";
			};
			name = Release;
		};
		BF8F909F1F0AA7D80083EFCF /* Debug */ = {
			isa = XCBuildConfiguration;
			buildSettings = {
				ALWAYS_EMBED_SWIFT_STANDARD_LIBRARIES = YES;
				ASSETCATALOG_COMPILER_APPICON_NAME = AppIcon;
				INFOPLIST_FILE = GestaltDemo/Info.plist;
				IPHONEOS_DEPLOYMENT_TARGET = 9.0;
				LD_RUNPATH_SEARCH_PATHS = "$(inherited) @executable_path/Frameworks";
				PRODUCT_BUNDLE_IDENTIFIER = com.regexident.GestaltDemo;
				PRODUCT_NAME = "$(TARGET_NAME)";
			};
			name = Debug;
		};
		BF8F90A01F0AA7D80083EFCF /* Release */ = {
			isa = XCBuildConfiguration;
			buildSettings = {
				ALWAYS_EMBED_SWIFT_STANDARD_LIBRARIES = YES;
				ASSETCATALOG_COMPILER_APPICON_NAME = AppIcon;
				INFOPLIST_FILE = GestaltDemo/Info.plist;
				IPHONEOS_DEPLOYMENT_TARGET = 9.0;
				LD_RUNPATH_SEARCH_PATHS = "$(inherited) @executable_path/Frameworks";
				PRODUCT_BUNDLE_IDENTIFIER = com.regexident.GestaltDemo;
				PRODUCT_NAME = "$(TARGET_NAME)";
			};
			name = Release;
		};
		BFF7041C1F5DA34100DFF413 /* Debug */ = {
			isa = XCBuildConfiguration;
			baseConfigurationReference = BFF704101F5DA32300DFF413 /* Universal.xcconfig */;
			buildSettings = {
				CLANG_CXX_LANGUAGE_STANDARD = "gnu++14";
				CLANG_WARN_BLOCK_CAPTURE_AUTORELEASING = YES;
				CLANG_WARN_COMMA = YES;
				CLANG_WARN_NON_LITERAL_NULL_CONVERSION = YES;
				CLANG_WARN_OBJC_LITERAL_CONVERSION = YES;
				CLANG_WARN_RANGE_LOOP_ANALYSIS = YES;
				CLANG_WARN_STRICT_PROTOTYPES = YES;
				CLANG_WARN_UNGUARDED_AVAILABILITY = YES_AGGRESSIVE;
				CODE_SIGN_IDENTITY = "iPhone Developer";
				CODE_SIGN_STYLE = Automatic;
				GCC_C_LANGUAGE_STANDARD = gnu11;
				OTHER_LDFLAGS = "-ObjC";
				PRODUCT_NAME = Gestalt;
				SKIP_INSTALL = YES;
				TARGETED_DEVICE_FAMILY = "1,2";
			};
			name = Debug;
		};
		BFF7041D1F5DA34100DFF413 /* Release */ = {
			isa = XCBuildConfiguration;
			baseConfigurationReference = BFF704101F5DA32300DFF413 /* Universal.xcconfig */;
			buildSettings = {
				CLANG_CXX_LANGUAGE_STANDARD = "gnu++14";
				CLANG_WARN_BLOCK_CAPTURE_AUTORELEASING = YES;
				CLANG_WARN_COMMA = YES;
				CLANG_WARN_NON_LITERAL_NULL_CONVERSION = YES;
				CLANG_WARN_OBJC_LITERAL_CONVERSION = YES;
				CLANG_WARN_RANGE_LOOP_ANALYSIS = YES;
				CLANG_WARN_STRICT_PROTOTYPES = YES;
				CLANG_WARN_UNGUARDED_AVAILABILITY = YES_AGGRESSIVE;
				CODE_SIGN_STYLE = Automatic;
				GCC_C_LANGUAGE_STANDARD = gnu11;
				OTHER_LDFLAGS = "-ObjC";
				PRODUCT_NAME = Gestalt;
				SKIP_INSTALL = YES;
				TARGETED_DEVICE_FAMILY = "1,2";
			};
			name = Release;
		};
/* End XCBuildConfiguration section */

/* Begin XCConfigurationList section */
		BF8F906A1F0AA3350083EFCF /* Build configuration list for PBXProject "Gestalt" */ = {
			isa = XCConfigurationList;
			buildConfigurations = (
				BF8F90821F0AA3350083EFCF /* Debug */,
				BF8F90831F0AA3350083EFCF /* Release */,
			);
			defaultConfigurationIsVisible = 0;
			defaultConfigurationName = Release;
		};
		BF8F90841F0AA3350083EFCF /* Build configuration list for PBXNativeTarget "Gestalt" */ = {
			isa = XCConfigurationList;
			buildConfigurations = (
				BF8F90851F0AA3350083EFCF /* Debug */,
				BF8F90861F0AA3350083EFCF /* Release */,
			);
			defaultConfigurationIsVisible = 0;
			defaultConfigurationName = Release;
		};
		BF8F90871F0AA3350083EFCF /* Build configuration list for PBXNativeTarget "GestaltTests" */ = {
			isa = XCConfigurationList;
			buildConfigurations = (
				BF8F90881F0AA3350083EFCF /* Debug */,
				BF8F90891F0AA3350083EFCF /* Release */,
			);
			defaultConfigurationIsVisible = 0;
			defaultConfigurationName = Release;
		};
		BF8F90A11F0AA7D80083EFCF /* Build configuration list for PBXNativeTarget "GestaltDemo" */ = {
			isa = XCConfigurationList;
			buildConfigurations = (
				BF8F909F1F0AA7D80083EFCF /* Debug */,
				BF8F90A01F0AA7D80083EFCF /* Release */,
			);
			defaultConfigurationIsVisible = 0;
			defaultConfigurationName = Release;
		};
		BFF7041B1F5DA34100DFF413 /* Build configuration list for PBXNativeTarget "Gestalt (Static)" */ = {
			isa = XCConfigurationList;
			buildConfigurations = (
				BFF7041C1F5DA34100DFF413 /* Debug */,
				BFF7041D1F5DA34100DFF413 /* Release */,
			);
			defaultConfigurationIsVisible = 0;
			defaultConfigurationName = Release;
		};
/* End XCConfigurationList section */
	};
	rootObject = BF8F90671F0AA3350083EFCF /* Project object */;
}
